
Microsoft Visual Studio Solution File, Format Version 11.00
# Visual Studio 2010
Project("{FAE04EC0-301F-11D3-BF4B-00C04F79EFBC}") = "Bot_Operator_UiTest", "Assembly-CSharp.csproj", "{701D266D-8F2D-471C-CA60-7083953A886A}"
EndProject
Project("{FAE04EC0-301F-11D3-BF4B-00C04F79EFBC}") = "Bot_Operator_UiTest", "Assembly-CSharp-Editor.csproj", "{0142347D-9B8E-C59B-2708-4FA00D579440}"
EndProject
Global
	GlobalSection(SolutionConfigurationPlatforms) = preSolution
		Debug|Any CPU = Debug|Any CPU
		Release|Any CPU = Release|Any CPU
	EndGlobalSection
	GlobalSection(ProjectConfigurationPlatforms) = postSolution
		{701D266D-8F2D-471C-CA60-7083953A886A}.Debug|Any CPU.ActiveCfg = Debug|Any CPU
		{701D266D-8F2D-471C-CA60-7083953A886A}.Debug|Any CPU.Build.0 = Debug|Any CPU
		{701D266D-8F2D-471C-CA60-7083953A886A}.Release|Any CPU.ActiveCfg = Release|Any CPU
		{701D266D-8F2D-471C-CA60-7083953A886A}.Release|Any CPU.Build.0 = Release|Any CPU
		{0142347D-9B8E-C59B-2708-4FA00D579440}.Debug|Any CPU.ActiveCfg = Debug|Any CPU
		{0142347D-9B8E-C59B-2708-4FA00D579440}.Debug|Any CPU.Build.0 = Debug|Any CPU
		{0142347D-9B8E-C59B-2708-4FA00D579440}.Release|Any CPU.ActiveCfg = Release|Any CPU
		{0142347D-9B8E-C59B-2708-4FA00D579440}.Release|Any CPU.Build.0 = Release|Any CPU
	EndGlobalSection
	GlobalSection(SolutionProperties) = preSolution
		HideSolutionNode = FALSE
	EndGlobalSection
	GlobalSection(MonoDevelopProperties) = preSolution
		StartupItem = Assembly-CSharp.csproj
	EndGlobalSection
EndGlobal
